
Microsoft Visual Studio Solution File, Format Version 12.00
# Visual Studio Version 16
VisualStudioVersion = 16.0.33214.272
MinimumVisualStudioVersion = 10.0.40219.1
Project("{FAE04EC0-301F-11D3-BF4B-00C04F79EFBC}") = "Mission_2_Brandon_Griffiths", "Mission_2_Brandon_Griffiths\Mission_2_Brandon_Griffiths.csproj", "{8C98553F-8679-4E82-AAF0-EFCD73BA5BAF}"
EndProject
Global
	GlobalSection(SolutionConfigurationPlatforms) = preSolution
		Debug|Any CPU = Debug|Any CPU
		Release|Any CPU = Release|Any CPU
	EndGlobalSection
	GlobalSection(ProjectConfigurationPlatforms) = postSolution
		{8C98553F-8679-4E82-AAF0-EFCD73BA5BAF}.Debug|Any CPU.ActiveCfg = Debug|Any CPU
		{8C98553F-8679-4E82-AAF0-EFCD73BA5BAF}.Debug|Any CPU.Build.0 = Debug|Any CPU
		{8C98553F-8679-4E82-AAF0-EFCD73BA5BAF}.Release|Any CPU.ActiveCfg = Release|Any CPU
		{8C98553F-8679-4E82-AAF0-EFCD73BA5BAF}.Release|Any CPU.Build.0 = Release|Any CPU
	EndGlobalSection
	GlobalSection(SolutionProperties) = preSolution
		HideSolutionNode = FALSE
	EndGlobalSection
	GlobalSection(ExtensibilityGlobals) = postSolution
		SolutionGuid = {BE1438B5-CAB8-45EA-98C5-216CBDD0451F}
	EndGlobalSection
EndGlobal
